
Microsoft Visual Studio Solution File, Format Version 12.00
# Visual Studio Version 17
VisualStudioVersion = 17.4.33403.182
MinimumVisualStudioVersion = 10.0.40219.1
Project("{FAE04EC0-301F-11D3-BF4B-00C04F79EFBC}") = "Interface", "Interface\Interface.csproj", "{6CB74801-94F0-4A72-BE2E-7FB55C11F6CC}"
EndProject
Project("{FAE04EC0-301F-11D3-BF4B-00C04F79EFBC}") = "CORiCONT", "CORiCONT\CORiCONT.csproj", "{DC82F63E-ADB8-4B88-BF7F-3D3501899AF6}"
EndProject
Global
	GlobalSection(SolutionConfigurationPlatforms) = preSolution
		Debug|Any CPU = Debug|Any CPU
		Release|Any CPU = Release|Any CPU
	EndGlobalSection
	GlobalSection(ProjectConfigurationPlatforms) = postSolution
		{6CB74801-94F0-4A72-BE2E-7FB55C11F6CC}.Debug|Any CPU.ActiveCfg = Debug|Any CPU
		{6CB74801-94F0-4A72-BE2E-7FB55C11F6CC}.Debug|Any CPU.Build.0 = Debug|Any CPU
		{6CB74801-94F0-4A72-BE2E-7FB55C11F6CC}.Release|Any CPU.ActiveCfg = Release|Any CPU
		{6CB74801-94F0-4A72-BE2E-7FB55C11F6CC}.Release|Any CPU.Build.0 = Release|Any CPU
		{DC82F63E-ADB8-4B88-BF7F-3D3501899AF6}.Debug|Any CPU.ActiveCfg = Debug|Any CPU
		{DC82F63E-ADB8-4B88-BF7F-3D3501899AF6}.Debug|Any CPU.Build.0 = Debug|Any CPU
		{DC82F63E-ADB8-4B88-BF7F-3D3501899AF6}.Release|Any CPU.ActiveCfg = Release|Any CPU
		{DC82F63E-ADB8-4B88-BF7F-3D3501899AF6}.Release|Any CPU.Build.0 = Release|Any CPU
	EndGlobalSection
	GlobalSection(SolutionProperties) = preSolution
		HideSolutionNode = FALSE
	EndGlobalSection
	GlobalSection(ExtensibilityGlobals) = postSolution
		SolutionGuid = {4630735D-9F0B-4C80-833A-89707A0BA3E3}
	EndGlobalSection
EndGlobal
